	<Project xmlns="http://schemas.microsoft.com/developer/msbuild/2003">
		<PropertyGroup>
			<ProjectGuid>{7FB83195-ECC4-44FE-B592-21B1B3CE982C}</ProjectGuid>
			<ProjectVersion>12.3</ProjectVersion>
			<MainSource>ThundaxJansenMechanism.dpr</MainSource>
			<Config Condition="'$(Config)'==''">Debug</Config>
			<DCC_DCCCompiler>DCC32</DCC_DCCCompiler>
			<Base>True</Base>
			<Platform>Win32</Platform>
			<AppType>Application</AppType>
			<FrameworkType>VCL</FrameworkType>
		</PropertyGroup>
		<PropertyGroup Condition="'$(Config)'=='Base' or '$(Base)'!=''">
			<Base>true</Base>
		</PropertyGroup>
		<PropertyGroup Condition="'$(Config)'=='Release' or '$(Cfg_1)'!=''">
			<Cfg_1>true</Cfg_1>
			<CfgParent>Base</CfgParent>
			<Base>true</Base>
		</PropertyGroup>
		<PropertyGroup Condition="'$(Config)'=='Debug' or '$(Cfg_2)'!=''">
			<Cfg_2>true</Cfg_2>
			<CfgParent>Base</CfgParent>
			<Base>true</Base>
		</PropertyGroup>
		<PropertyGroup Condition="'$(Base)'!=''">
			<DCC_UnitSearchPath>..\..\dcu\;$(DCC_UnitSearchPath)</DCC_UnitSearchPath>
			<DCC_UsePackage>SynEdit_R2006;vclx;vcl;vclimg;dbrtl;Rave77VCL;bdertl;rtl;vclactnband;vcldb;vcldbx;vcltouch;xmlrtl;dsnap;dsnapcon;TeeUI;TeeDB;Tee;vclib;ibxpress;adortl;IndyCore;IndySystem;IndyProtocols;inet;intrawebdb_100_140;Intraweb_100_140;VclSmp;vclie;websnap;webdsnap;inetdb;inetdbbde;inetdbxpress;soaprtl;vclribbon;dbexpress;DbxCommonDriver;DataSnapIndy10ServerTransport;DataSnapProviderClient;DbxClientDriver;DataSnapServer;DBXInterBaseDriver;DBXMySQLDriver;dbxcds;DBXFirebirdDriver;DBXSybaseASEDriver;DBXSybaseASADriver;DBXOracleDriver;DBXMSSQLDriver;DBXInformixDriver;DBXDb2Driver;dxCoreD14;cxLibraryD14;cxEditorsD14;cxExtEditorsD14;cxPageControlD14;cxGridD14;cxVerticalGridD14;dxmdsD14;cxPivotGridD14;cxPivotGridChartD14;cxPivotGridOLAPD14;TDPhysicsEngine;ThundaxPlot</DCC_UsePackage>
			<DCC_ExeOutput>out\</DCC_ExeOutput>
			<DCC_UnitAlias>WinTypes=Windows;WinProcs=Windows;DbiTypes=BDE;DbiProcs=BDE;DbiErrs=BDE;$(DCC_UnitAlias)</DCC_UnitAlias>
			<DCC_DependencyCheckOutputName>out\ThundaxJansenMechanism.exe</DCC_DependencyCheckOutputName>
			<DCC_ImageBase>00400000</DCC_ImageBase>
			<DCC_Platform>x86</DCC_Platform>
		</PropertyGroup>
		<PropertyGroup Condition="'$(Cfg_1)'!=''">
			<DCC_LocalDebugSymbols>false</DCC_LocalDebugSymbols>
			<DCC_Define>RELEASE;$(DCC_Define)</DCC_Define>
			<DCC_SymbolReferenceInfo>0</DCC_SymbolReferenceInfo>
			<DCC_DebugInformation>false</DCC_DebugInformation>
		</PropertyGroup>
		<PropertyGroup Condition="'$(Cfg_2)'!=''">
			<DCC_MapFile>3</DCC_MapFile>
			<DCC_GenerateStackFrames>true</DCC_GenerateStackFrames>
			<DCC_Define>DEBUG;$(DCC_Define)</DCC_Define>
		</PropertyGroup>
		<ItemGroup>
			<DelphiCompile Include="ThundaxJansenMechanism.dpr">
				<MainSource>MainSource</MainSource>
			</DelphiCompile>
			<DCCReference Include="testForces.pas">
				<Form>Form1</Form>
			</DCCReference>
			<BuildConfiguration Include="Debug">
				<Key>Cfg_2</Key>
				<CfgParent>Base</CfgParent>
			</BuildConfiguration>
			<BuildConfiguration Include="Base">
				<Key>Base</Key>
			</BuildConfiguration>
			<BuildConfiguration Include="Release">
				<Key>Cfg_1</Key>
				<CfgParent>Base</CfgParent>
			</BuildConfiguration>
		</ItemGroup>
		<Import Condition="Exists('$(BDS)\Bin\CodeGear.Delphi.Targets')" Project="$(BDS)\Bin\CodeGear.Delphi.Targets"/>
		<Import Condition="Exists('$(APPDATA)\Embarcadero\$(BDSAPPDATABASEDIR)\8.0\UserTools.proj')" Project="$(APPDATA)\Embarcadero\$(BDSAPPDATABASEDIR)\8.0\UserTools.proj"/>
		<ProjectExtensions>
			<Borland.Personality>Delphi.Personality.12</Borland.Personality>
			<Borland.ProjectType/>
			<BorlandProject>
				<Delphi.Personality>
					<Source>
						<Source Name="MainSource">ThundaxJansenMechanism.dpr</Source>
					</Source>
					<Parameters/>
					<VersionInfo>
						<VersionInfo Name="IncludeVerInfo">True</VersionInfo>
						<VersionInfo Name="AutoIncBuild">False</VersionInfo>
						<VersionInfo Name="MajorVer">2</VersionInfo>
						<VersionInfo Name="MinorVer">0</VersionInfo>
						<VersionInfo Name="Release">0</VersionInfo>
						<VersionInfo Name="Build">0</VersionInfo>
						<VersionInfo Name="Debug">False</VersionInfo>
						<VersionInfo Name="PreRelease">False</VersionInfo>
						<VersionInfo Name="Special">False</VersionInfo>
						<VersionInfo Name="Private">False</VersionInfo>
						<VersionInfo Name="DLL">False</VersionInfo>
						<VersionInfo Name="Locale">3082</VersionInfo>
						<VersionInfo Name="CodePage">1252</VersionInfo>
					</VersionInfo>
					<VersionInfoKeys>
						<VersionInfoKeys Name="CompanyName">Thundax Software</VersionInfoKeys>
						<VersionInfoKeys Name="FileDescription">Thundax Jansen Mechanism</VersionInfoKeys>
						<VersionInfoKeys Name="FileVersion">2.0.0.0</VersionInfoKeys>
						<VersionInfoKeys Name="InternalName">Thundax Jansen Mechanism</VersionInfoKeys>
						<VersionInfoKeys Name="LegalCopyright">Thundax Software</VersionInfoKeys>
						<VersionInfoKeys Name="LegalTrademarks">Thundax Software</VersionInfoKeys>
						<VersionInfoKeys Name="OriginalFilename">Thundax Software</VersionInfoKeys>
						<VersionInfoKeys Name="ProductName">Thundax Software</VersionInfoKeys>
						<VersionInfoKeys Name="ProductVersion">1.0.0.0</VersionInfoKeys>
						<VersionInfoKeys Name="Comments">Thundax Software</VersionInfoKeys>
					</VersionInfoKeys>
					<Excluded_Packages>
						<Excluded_Packages Name="$(BDSBIN)\dcloffice2k140.bpl">Microsoft Office 2000 Sample Automation Server Wrapper Components</Excluded_Packages>
						<Excluded_Packages Name="$(BDSBIN)\dclofficexp140.bpl">Microsoft Office XP Sample Automation Server Wrapper Components</Excluded_Packages>
					</Excluded_Packages>
				</Delphi.Personality>
				<Platforms>
					<Platform value="Win32">True</Platform>
				</Platforms>
			</BorlandProject>
			<ProjectFileVersion>12</ProjectFileVersion>
		</ProjectExtensions>
	</Project>
